
Microsoft Visual Studio Solution File, Format Version 12.00
# Visual Studio Version 17
VisualStudioVersion = 17.2.32519.379
MinimumVisualStudioVersion = 10.0.40219.1
Project("{9A19103F-16F7-4668-BE54-9A1E7A4F7556}") = "CSharpBasics", "CSharpBasics\CSharpBasics.csproj", "{1360B34E-5303-443C-852A-A20DFE1BB0BA}"
EndProject
Project("{9A19103F-16F7-4668-BE54-9A1E7A4F7556}") = "CSharpOOP", "CSharpOOP\CSharpOOP.csproj", "{6E80FC62-2BD6-45AB-BB50-0BA35AB27D59}"
EndProject
Project("{9A19103F-16F7-4668-BE54-9A1E7A4F7556}") = "CSharpOOPAccessModifiers", "CSharpOOPAccessModifiers\CSharpOOPAccessModifiers.csproj", "{E849918F-0B11-4063-B78A-B08DB99E362A}"
EndProject
Project("{9A19103F-16F7-4668-BE54-9A1E7A4F7556}") = "CSharpCollections", "CSharpCollections\CSharpCollections.csproj", "{70046F07-11CB-43B7-B619-170EA8F47EEA}"
EndProject
Project("{9A19103F-16F7-4668-BE54-9A1E7A4F7556}") = "CSharpOOPInheritance", "CSharpOOPInheritance\CSharpOOPInheritance.csproj", "{F5EA2EFC-40DD-45ED-B61D-336EDF533B8E}"
EndProject
Project("{9A19103F-16F7-4668-BE54-9A1E7A4F7556}") = "LINQ", "LINQ\LINQ.csproj", "{79A86E4D-CF89-4ACD-A1B4-5AA066F67243}"
EndProject
Project("{9A19103F-16F7-4668-BE54-9A1E7A4F7556}") = "Exceptions", "Exceptions\Exceptions.csproj", "{59E6148B-37C3-421D-89E4-F6B2DEAAD6DA}"
EndProject
Project("{9A19103F-16F7-4668-BE54-9A1E7A4F7556}") = "SolidPatterns", "SolidPatterns\SolidPatterns.csproj", "{29B9D320-63B5-470C-8959-CA07BB0C5AE0}"
EndProject
Project("{9A19103F-16F7-4668-BE54-9A1E7A4F7556}") = "Singleton", "Singleton\Singleton.csproj", "{A602F6C6-3F94-42A9-8CAB-9AE6A898E32B}"
EndProject
Project("{FAE04EC0-301F-11D3-BF4B-00C04F79EFBC}") = "FabricMethod", "FabricMethod\FabricMethod.csproj", "{AE0425E5-A52F-4A88-A6F6-DB9A029BD2E4}"
EndProject
Project("{FAE04EC0-301F-11D3-BF4B-00C04F79EFBC}") = "Builder", "Builder\Builder.csproj", "{AACB3034-4D51-47C2-897D-1C8F8386FBC4}"
EndProject
Project("{FAE04EC0-301F-11D3-BF4B-00C04F79EFBC}") = "Strategy", "Strategy\Strategy.csproj", "{75C71228-11A5-476B-B07D-E92D278DFAE7}"
EndProject
Project("{FAE04EC0-301F-11D3-BF4B-00C04F79EFBC}") = "Decorator", "Decorator\Decorator.csproj", "{D8920278-2A3B-415D-A450-BE71EEFC94A8}"
EndProject
Project("{FAE04EC0-301F-11D3-BF4B-00C04F79EFBC}") = "CSharpAdvanced", "CSharpAdvanced\CSharpAdvanced.csproj", "{9789EDB7-D492-4C50-B16A-2D5740DFC9AE}"
EndProject
Global
	GlobalSection(SolutionConfigurationPlatforms) = preSolution
		Debug|Any CPU = Debug|Any CPU
		Release|Any CPU = Release|Any CPU
	EndGlobalSection
	GlobalSection(ProjectConfigurationPlatforms) = postSolution
		{1360B34E-5303-443C-852A-A20DFE1BB0BA}.Debug|Any CPU.ActiveCfg = Debug|Any CPU
		{1360B34E-5303-443C-852A-A20DFE1BB0BA}.Debug|Any CPU.Build.0 = Debug|Any CPU
		{1360B34E-5303-443C-852A-A20DFE1BB0BA}.Release|Any CPU.ActiveCfg = Release|Any CPU
		{1360B34E-5303-443C-852A-A20DFE1BB0BA}.Release|Any CPU.Build.0 = Release|Any CPU
		{6E80FC62-2BD6-45AB-BB50-0BA35AB27D59}.Debug|Any CPU.ActiveCfg = Debug|Any CPU
		{6E80FC62-2BD6-45AB-BB50-0BA35AB27D59}.Debug|Any CPU.Build.0 = Debug|Any CPU
		{6E80FC62-2BD6-45AB-BB50-0BA35AB27D59}.Release|Any CPU.ActiveCfg = Release|Any CPU
		{6E80FC62-2BD6-45AB-BB50-0BA35AB27D59}.Release|Any CPU.Build.0 = Release|Any CPU
		{E849918F-0B11-4063-B78A-B08DB99E362A}.Debug|Any CPU.ActiveCfg = Debug|Any CPU
		{E849918F-0B11-4063-B78A-B08DB99E362A}.Debug|Any CPU.Build.0 = Debug|Any CPU
		{E849918F-0B11-4063-B78A-B08DB99E362A}.Release|Any CPU.ActiveCfg = Release|Any CPU
		{E849918F-0B11-4063-B78A-B08DB99E362A}.Release|Any CPU.Build.0 = Release|Any CPU
		{70046F07-11CB-43B7-B619-170EA8F47EEA}.Debug|Any CPU.ActiveCfg = Debug|Any CPU
		{70046F07-11CB-43B7-B619-170EA8F47EEA}.Debug|Any CPU.Build.0 = Debug|Any CPU
		{70046F07-11CB-43B7-B619-170EA8F47EEA}.Release|Any CPU.ActiveCfg = Release|Any CPU
		{70046F07-11CB-43B7-B619-170EA8F47EEA}.Release|Any CPU.Build.0 = Release|Any CPU
		{F5EA2EFC-40DD-45ED-B61D-336EDF533B8E}.Debug|Any CPU.ActiveCfg = Debug|Any CPU
		{F5EA2EFC-40DD-45ED-B61D-336EDF533B8E}.Debug|Any CPU.Build.0 = Debug|Any CPU
		{F5EA2EFC-40DD-45ED-B61D-336EDF533B8E}.Release|Any CPU.ActiveCfg = Release|Any CPU
		{F5EA2EFC-40DD-45ED-B61D-336EDF533B8E}.Release|Any CPU.Build.0 = Release|Any CPU
		{79A86E4D-CF89-4ACD-A1B4-5AA066F67243}.Debug|Any CPU.ActiveCfg = Debug|Any CPU
		{79A86E4D-CF89-4ACD-A1B4-5AA066F67243}.Debug|Any CPU.Build.0 = Debug|Any CPU
		{79A86E4D-CF89-4ACD-A1B4-5AA066F67243}.Release|Any CPU.ActiveCfg = Release|Any CPU
		{79A86E4D-CF89-4ACD-A1B4-5AA066F67243}.Release|Any CPU.Build.0 = Release|Any CPU
		{59E6148B-37C3-421D-89E4-F6B2DEAAD6DA}.Debug|Any CPU.ActiveCfg = Debug|Any CPU
		{59E6148B-37C3-421D-89E4-F6B2DEAAD6DA}.Debug|Any CPU.Build.0 = Debug|Any CPU
		{59E6148B-37C3-421D-89E4-F6B2DEAAD6DA}.Release|Any CPU.ActiveCfg = Release|Any CPU
		{59E6148B-37C3-421D-89E4-F6B2DEAAD6DA}.Release|Any CPU.Build.0 = Release|Any CPU
		{29B9D320-63B5-470C-8959-CA07BB0C5AE0}.Debug|Any CPU.ActiveCfg = Debug|Any CPU
		{29B9D320-63B5-470C-8959-CA07BB0C5AE0}.Debug|Any CPU.Build.0 = Debug|Any CPU
		{29B9D320-63B5-470C-8959-CA07BB0C5AE0}.Release|Any CPU.ActiveCfg = Release|Any CPU
		{29B9D320-63B5-470C-8959-CA07BB0C5AE0}.Release|Any CPU.Build.0 = Release|Any CPU
		{A602F6C6-3F94-42A9-8CAB-9AE6A898E32B}.Debug|Any CPU.ActiveCfg = Debug|Any CPU
		{A602F6C6-3F94-42A9-8CAB-9AE6A898E32B}.Debug|Any CPU.Build.0 = Debug|Any CPU
		{A602F6C6-3F94-42A9-8CAB-9AE6A898E32B}.Release|Any CPU.ActiveCfg = Release|Any CPU
		{A602F6C6-3F94-42A9-8CAB-9AE6A898E32B}.Release|Any CPU.Build.0 = Release|Any CPU
		{AE0425E5-A52F-4A88-A6F6-DB9A029BD2E4}.Debug|Any CPU.ActiveCfg = Debug|Any CPU
		{AE0425E5-A52F-4A88-A6F6-DB9A029BD2E4}.Debug|Any CPU.Build.0 = Debug|Any CPU
		{AE0425E5-A52F-4A88-A6F6-DB9A029BD2E4}.Release|Any CPU.ActiveCfg = Release|Any CPU
		{AE0425E5-A52F-4A88-A6F6-DB9A029BD2E4}.Release|Any CPU.Build.0 = Release|Any CPU
		{AACB3034-4D51-47C2-897D-1C8F8386FBC4}.Debug|Any CPU.ActiveCfg = Debug|Any CPU
		{AACB3034-4D51-47C2-897D-1C8F8386FBC4}.Debug|Any CPU.Build.0 = Debug|Any CPU
		{AACB3034-4D51-47C2-897D-1C8F8386FBC4}.Release|Any CPU.ActiveCfg = Release|Any CPU
		{AACB3034-4D51-47C2-897D-1C8F8386FBC4}.Release|Any CPU.Build.0 = Release|Any CPU
		{75C71228-11A5-476B-B07D-E92D278DFAE7}.Debug|Any CPU.ActiveCfg = Debug|Any CPU
		{75C71228-11A5-476B-B07D-E92D278DFAE7}.Debug|Any CPU.Build.0 = Debug|Any CPU
		{75C71228-11A5-476B-B07D-E92D278DFAE7}.Release|Any CPU.ActiveCfg = Release|Any CPU
		{75C71228-11A5-476B-B07D-E92D278DFAE7}.Release|Any CPU.Build.0 = Release|Any CPU
		{D8920278-2A3B-415D-A450-BE71EEFC94A8}.Debug|Any CPU.ActiveCfg = Debug|Any CPU
		{D8920278-2A3B-415D-A450-BE71EEFC94A8}.Debug|Any CPU.Build.0 = Debug|Any CPU
		{D8920278-2A3B-415D-A450-BE71EEFC94A8}.Release|Any CPU.ActiveCfg = Release|Any CPU
		{D8920278-2A3B-415D-A450-BE71EEFC94A8}.Release|Any CPU.Build.0 = Release|Any CPU
		{9789EDB7-D492-4C50-B16A-2D5740DFC9AE}.Debug|Any CPU.ActiveCfg = Debug|Any CPU
		{9789EDB7-D492-4C50-B16A-2D5740DFC9AE}.Debug|Any CPU.Build.0 = Debug|Any CPU
		{9789EDB7-D492-4C50-B16A-2D5740DFC9AE}.Release|Any CPU.ActiveCfg = Release|Any CPU
		{9789EDB7-D492-4C50-B16A-2D5740DFC9AE}.Release|Any CPU.Build.0 = Release|Any CPU
	EndGlobalSection
	GlobalSection(SolutionProperties) = preSolution
		HideSolutionNode = FALSE
	EndGlobalSection
	GlobalSection(ExtensibilityGlobals) = postSolution
		SolutionGuid = {2C1C98DB-063E-4C68-A531-5D4030110B97}
	EndGlobalSection
EndGlobal
