
Microsoft Visual Studio Solution File, Format Version 12.00
# Visual Studio Version 17
VisualStudioVersion = 17.2.32519.379
MinimumVisualStudioVersion = 10.0.40219.1
Project("{FAE04EC0-301F-11D3-BF4B-00C04F79EFBC}") = "CSharpBasics", "CSharpBasics\CSharpBasics.csproj", "{1360B34E-5303-443C-852A-A20DFE1BB0BA}"
EndProject
Global
	GlobalSection(SolutionConfigurationPlatforms) = preSolution
		Debug|Any CPU = Debug|Any CPU
		Release|Any CPU = Release|Any CPU
	EndGlobalSection
	GlobalSection(ProjectConfigurationPlatforms) = postSolution
		{1360B34E-5303-443C-852A-A20DFE1BB0BA}.Debug|Any CPU.ActiveCfg = Debug|Any CPU
		{1360B34E-5303-443C-852A-A20DFE1BB0BA}.Debug|Any CPU.Build.0 = Debug|Any CPU
		{1360B34E-5303-443C-852A-A20DFE1BB0BA}.Release|Any CPU.ActiveCfg = Release|Any CPU
		{1360B34E-5303-443C-852A-A20DFE1BB0BA}.Release|Any CPU.Build.0 = Release|Any CPU
	EndGlobalSection
	GlobalSection(SolutionProperties) = preSolution
		HideSolutionNode = FALSE
	EndGlobalSection
	GlobalSection(ExtensibilityGlobals) = postSolution
		SolutionGuid = {2C1C98DB-063E-4C68-A531-5D4030110B97}
	EndGlobalSection
EndGlobal
